// !$*UTF8*$!
{
	archiveVersion = 1;
	classes = {
	};
	objectVersion = 56;
	objects = {

/* Begin PBXBuildFile section */
		B88B06D62C492B7D0079881F /* GameA.swift in Sources */ = {isa = PBXBuildFile; fileRef = B88B06D52C492B7D0079881F /* GameA.swift */; };
		B8C09AAD2C46DB320032C3F3 /* MobileApp.swift in Sources */ = {isa = PBXBuildFile; fileRef = B8C09AAC2C46DB320032C3F3 /* MobileApp.swift */; };
		B8C09AAF2C46DB320032C3F3 /* ContentView.swift in Sources */ = {isa = PBXBuildFile; fileRef = B8C09AAE2C46DB320032C3F3 /* ContentView.swift */; };
		B8C09AB12C46DB350032C3F3 /* Assets.xcassets in Resources */ = {isa = PBXBuildFile; fileRef = B8C09AB02C46DB350032C3F3 /* Assets.xcassets */; };
		B8C09AB42C46DB350032C3F3 /* Preview Assets.xcassets in Resources */ = {isa = PBXBuildFile; fileRef = B8C09AB32C46DB350032C3F3 /* Preview Assets.xcassets */; };
		B8C09ABD2C46DD390032C3F3 /* UserA.swift in Sources */ = {isa = PBXBuildFile; fileRef = B8C09ABC2C46DD390032C3F3 /* UserA.swift */; };
		B8C09ABF2C46DD460032C3F3 /* dto.swift in Sources */ = {isa = PBXBuildFile; fileRef = B8C09ABE2C46DD460032C3F3 /* dto.swift */; };
		B8C09AC22C46DEB40032C3F3 /* UserM.swift in Sources */ = {isa = PBXBuildFile; fileRef = B8C09AC12C46DEB40032C3F3 /* UserM.swift */; };
		B8C09AC52C46FCFA0032C3F3 /* Network.swift in Sources */ = {isa = PBXBuildFile; fileRef = B8C09AC42C46FCFA0032C3F3 /* Network.swift */; };
		B8C09AC72C4719020032C3F3 /* Keychain.swift in Sources */ = {isa = PBXBuildFile; fileRef = B8C09AC62C4719020032C3F3 /* Keychain.swift */; };
		B8C09AC92C472E0F0032C3F3 /* .env in Resources */ = {isa = PBXBuildFile; fileRef = B8C09AC82C472E0F0032C3F3 /* .env */; };
		B8C09ACE2C47E0B20032C3F3 /* DequeModule in Frameworks */ = {isa = PBXBuildFile; productRef = B8C09ACD2C47E0B20032C3F3 /* DequeModule */; };
		B8C09AD12C47E1EA0032C3F3 /* WordsA.swift in Sources */ = {isa = PBXBuildFile; fileRef = B8C09AD02C47E1EA0032C3F3 /* WordsA.swift */; };
		B8C09AD42C4824110032C3F3 /* RegistrationV.swift in Sources */ = {isa = PBXBuildFile; fileRef = B8C09AD32C4824110032C3F3 /* RegistrationV.swift */; };
		B8C09AD62C4824250032C3F3 /* LoginV.swift in Sources */ = {isa = PBXBuildFile; fileRef = B8C09AD52C4824250032C3F3 /* LoginV.swift */; };
		B8C09AD82C4824390032C3F3 /* LadderV.swift in Sources */ = {isa = PBXBuildFile; fileRef = B8C09AD72C4824390032C3F3 /* LadderV.swift */; };
		B8C09ADA2C48244C0032C3F3 /* GameV.swift in Sources */ = {isa = PBXBuildFile; fileRef = B8C09AD92C48244C0032C3F3 /* GameV.swift */; };
		B8C09ADC2C488CA70032C3F3 /* GameApp.swift in Sources */ = {isa = PBXBuildFile; fileRef = B8C09ADB2C488CA70032C3F3 /* GameApp.swift */; };
		B8C09ADF2C488DC30032C3F3 /* GameM.swift in Sources */ = {isa = PBXBuildFile; fileRef = B8C09ADE2C488DC30032C3F3 /* GameM.swift */; };
/* End PBXBuildFile section */

/* Begin PBXFileReference section */
		B88B06D52C492B7D0079881F /* GameA.swift */ = {isa = PBXFileReference; lastKnownFileType = sourcecode.swift; path = GameA.swift; sourceTree = "<group>"; };
		B8C09AA92C46DB320032C3F3 /* Mobile.app */ = {isa = PBXFileReference; explicitFileType = wrapper.application; includeInIndex = 0; path = Mobile.app; sourceTree = BUILT_PRODUCTS_DIR; };
		B8C09AAC2C46DB320032C3F3 /* MobileApp.swift */ = {isa = PBXFileReference; lastKnownFileType = sourcecode.swift; path = MobileApp.swift; sourceTree = "<group>"; };
		B8C09AAE2C46DB320032C3F3 /* ContentView.swift */ = {isa = PBXFileReference; lastKnownFileType = sourcecode.swift; path = ContentView.swift; sourceTree = "<group>"; };
		B8C09AB02C46DB350032C3F3 /* Assets.xcassets */ = {isa = PBXFileReference; lastKnownFileType = folder.assetcatalog; path = Assets.xcassets; sourceTree = "<group>"; };
		B8C09AB32C46DB350032C3F3 /* Preview Assets.xcassets */ = {isa = PBXFileReference; lastKnownFileType = folder.assetcatalog; path = "Preview Assets.xcassets"; sourceTree = "<group>"; };
		B8C09ABC2C46DD390032C3F3 /* UserA.swift */ = {isa = PBXFileReference; lastKnownFileType = sourcecode.swift; path = UserA.swift; sourceTree = "<group>"; };
		B8C09ABE2C46DD460032C3F3 /* dto.swift */ = {isa = PBXFileReference; lastKnownFileType = sourcecode.swift; path = dto.swift; sourceTree = "<group>"; };
		B8C09AC12C46DEB40032C3F3 /* UserM.swift */ = {isa = PBXFileReference; lastKnownFileType = sourcecode.swift; path = UserM.swift; sourceTree = "<group>"; };
		B8C09AC42C46FCFA0032C3F3 /* Network.swift */ = {isa = PBXFileReference; lastKnownFileType = sourcecode.swift; path = Network.swift; sourceTree = "<group>"; };
		B8C09AC62C4719020032C3F3 /* Keychain.swift */ = {isa = PBXFileReference; lastKnownFileType = sourcecode.swift; path = Keychain.swift; sourceTree = "<group>"; };
		B8C09AC82C472E0F0032C3F3 /* .env */ = {isa = PBXFileReference; lastKnownFileType = text; path = .env; sourceTree = "<group>"; };
		B8C09AD02C47E1EA0032C3F3 /* WordsA.swift */ = {isa = PBXFileReference; lastKnownFileType = sourcecode.swift; path = WordsA.swift; sourceTree = "<group>"; };
		B8C09AD32C4824110032C3F3 /* RegistrationV.swift */ = {isa = PBXFileReference; lastKnownFileType = sourcecode.swift; path = RegistrationV.swift; sourceTree = "<group>"; };
		B8C09AD52C4824250032C3F3 /* LoginV.swift */ = {isa = PBXFileReference; lastKnownFileType = sourcecode.swift; path = LoginV.swift; sourceTree = "<group>"; };
		B8C09AD72C4824390032C3F3 /* LadderV.swift */ = {isa = PBXFileReference; lastKnownFileType = sourcecode.swift; path = LadderV.swift; sourceTree = "<group>"; };
		B8C09AD92C48244C0032C3F3 /* GameV.swift */ = {isa = PBXFileReference; lastKnownFileType = sourcecode.swift; path = GameV.swift; sourceTree = "<group>"; };
		B8C09ADB2C488CA70032C3F3 /* GameApp.swift */ = {isa = PBXFileReference; lastKnownFileType = sourcecode.swift; path = GameApp.swift; sourceTree = "<group>"; };
		B8C09ADE2C488DC30032C3F3 /* GameM.swift */ = {isa = PBXFileReference; lastKnownFileType = sourcecode.swift; path = GameM.swift; sourceTree = "<group>"; };
/* End PBXFileReference section */

/* Begin PBXFrameworksBuildPhase section */
		B8C09AA62C46DB320032C3F3 /* Frameworks */ = {
			isa = PBXFrameworksBuildPhase;
			buildActionMask = 2147483647;
			files = (
				B8C09ACE2C47E0B20032C3F3 /* DequeModule in Frameworks */,
			);
			runOnlyForDeploymentPostprocessing = 0;
		};
/* End PBXFrameworksBuildPhase section */

/* Begin PBXGroup section */
		B8C09AA02C46DB320032C3F3 = {
			isa = PBXGroup;
			children = (
				B8C09AAB2C46DB320032C3F3 /* Mobile */,
				B8C09AAA2C46DB320032C3F3 /* Products */,
			);
			sourceTree = "<group>";
		};
		B8C09AAA2C46DB320032C3F3 /* Products */ = {
			isa = PBXGroup;
			children = (
				B8C09AA92C46DB320032C3F3 /* Mobile.app */,
			);
			name = Products;
			sourceTree = "<group>";
		};
		B8C09AAB2C46DB320032C3F3 /* Mobile */ = {
			isa = PBXGroup;
			children = (
				B8C09ADD2C488D9B0032C3F3 /* Game */,
				B8C09AD22C4823E10032C3F3 /* Views */,
				B8C09ACF2C47E1D60032C3F3 /* Words */,
				B8C09AC82C472E0F0032C3F3 /* .env */,
				B8C09AC32C46FCEB0032C3F3 /* Utils */,
				B8C09ABA2C46DD000032C3F3 /* User */,
				B8C09AAC2C46DB320032C3F3 /* MobileApp.swift */,
				B8C09AAE2C46DB320032C3F3 /* ContentView.swift */,
				B8C09AB02C46DB350032C3F3 /* Assets.xcassets */,
				B8C09AB22C46DB350032C3F3 /* Preview Content */,
			);
			path = Mobile;
			sourceTree = "<group>";
		};
		B8C09AB22C46DB350032C3F3 /* Preview Content */ = {
			isa = PBXGroup;
			children = (
				B8C09AB32C46DB350032C3F3 /* Preview Assets.xcassets */,
			);
			path = "Preview Content";
			sourceTree = "<group>";
		};
		B8C09ABA2C46DD000032C3F3 /* User */ = {
			isa = PBXGroup;
			children = (
				B8C09ABB2C46DD130032C3F3 /* Actions */,
				B8C09AC12C46DEB40032C3F3 /* UserM.swift */,
			);
			path = User;
			sourceTree = "<group>";
		};
		B8C09ABB2C46DD130032C3F3 /* Actions */ = {
			isa = PBXGroup;
			children = (
				B8C09ABC2C46DD390032C3F3 /* UserA.swift */,
				B8C09ABE2C46DD460032C3F3 /* dto.swift */,
			);
			path = Actions;
			sourceTree = "<group>";
		};
		B8C09AC32C46FCEB0032C3F3 /* Utils */ = {
			isa = PBXGroup;
			children = (
				B8C09AC42C46FCFA0032C3F3 /* Network.swift */,
				B8C09AC62C4719020032C3F3 /* Keychain.swift */,
			);
			path = Utils;
			sourceTree = "<group>";
		};
		B8C09ACF2C47E1D60032C3F3 /* Words */ = {
			isa = PBXGroup;
			children = (
				B8C09AD02C47E1EA0032C3F3 /* WordsA.swift */,
			);
			path = Words;
			sourceTree = "<group>";
		};
		B8C09AD22C4823E10032C3F3 /* Views */ = {
			isa = PBXGroup;
			children = (
				B8C09AD32C4824110032C3F3 /* RegistrationV.swift */,
				B8C09AD52C4824250032C3F3 /* LoginV.swift */,
				B8C09AD72C4824390032C3F3 /* LadderV.swift */,
				B8C09AD92C48244C0032C3F3 /* GameV.swift */,
			);
			path = Views;
			sourceTree = "<group>";
		};
		B8C09ADD2C488D9B0032C3F3 /* Game */ = {
			isa = PBXGroup;
			children = (
				B8C09ADB2C488CA70032C3F3 /* GameApp.swift */,
				B8C09ADE2C488DC30032C3F3 /* GameM.swift */,
				B88B06D52C492B7D0079881F /* GameA.swift */,
			);
			path = Game;
			sourceTree = "<group>";
		};
/* End PBXGroup section */

/* Begin PBXNativeTarget section */
		B8C09AA82C46DB320032C3F3 /* Mobile */ = {
			isa = PBXNativeTarget;
			buildConfigurationList = B8C09AB72C46DB350032C3F3 /* Build configuration list for PBXNativeTarget "Mobile" */;
			buildPhases = (
				B8C09AA52C46DB320032C3F3 /* Sources */,
				B8C09AA62C46DB320032C3F3 /* Frameworks */,
				B8C09AA72C46DB320032C3F3 /* Resources */,
			);
			buildRules = (
			);
			dependencies = (
			);
			name = Mobile;
			packageProductDependencies = (
				B8C09ACD2C47E0B20032C3F3 /* DequeModule */,
			);
			productName = Mobile;
			productReference = B8C09AA92C46DB320032C3F3 /* Mobile.app */;
			productType = "com.apple.product-type.application";
		};
/* End PBXNativeTarget section */

/* Begin PBXProject section */
		B8C09AA12C46DB320032C3F3 /* Project object */ = {
			isa = PBXProject;
			attributes = {
				BuildIndependentTargetsInParallel = 1;
				LastSwiftUpdateCheck = 1540;
				LastUpgradeCheck = 1540;
				TargetAttributes = {
					B8C09AA82C46DB320032C3F3 = {
						CreatedOnToolsVersion = 15.4;
					};
				};
			};
			buildConfigurationList = B8C09AA42C46DB320032C3F3 /* Build configuration list for PBXProject "Mobile" */;
			compatibilityVersion = "Xcode 14.0";
			developmentRegion = en;
			hasScannedForEncodings = 0;
			knownRegions = (
				en,
				Base,
			);
			mainGroup = B8C09AA02C46DB320032C3F3;
			packageReferences = (
				B8C09ACC2C47E0B20032C3F3 /* XCRemoteSwiftPackageReference "swift-collections" */,
			);
			productRefGroup = B8C09AAA2C46DB320032C3F3 /* Products */;
			projectDirPath = "";
			projectRoot = "";
			targets = (
				B8C09AA82C46DB320032C3F3 /* Mobile */,
			);
		};
/* End PBXProject section */

/* Begin PBXResourcesBuildPhase section */
		B8C09AA72C46DB320032C3F3 /* Resources */ = {
			isa = PBXResourcesBuildPhase;
			buildActionMask = 2147483647;
			files = (
				B8C09AC92C472E0F0032C3F3 /* .env in Resources */,
				B8C09AB42C46DB350032C3F3 /* Preview Assets.xcassets in Resources */,
				B8C09AB12C46DB350032C3F3 /* Assets.xcassets in Resources */,
			);
			runOnlyForDeploymentPostprocessing = 0;
		};
/* End PBXResourcesBuildPhase section */

/* Begin PBXSourcesBuildPhase section */
		B8C09AA52C46DB320032C3F3 /* Sources */ = {
			isa = PBXSourcesBuildPhase;
			buildActionMask = 2147483647;
			files = (
				B8C09AD42C4824110032C3F3 /* RegistrationV.swift in Sources */,
				B8C09ADC2C488CA70032C3F3 /* GameApp.swift in Sources */,
				B8C09AC22C46DEB40032C3F3 /* UserM.swift in Sources */,
				B8C09AD12C47E1EA0032C3F3 /* WordsA.swift in Sources */,
				B8C09ABD2C46DD390032C3F3 /* UserA.swift in Sources */,
				B88B06D62C492B7D0079881F /* GameA.swift in Sources */,
				B8C09AC52C46FCFA0032C3F3 /* Network.swift in Sources */,
				B8C09AAF2C46DB320032C3F3 /* ContentView.swift in Sources */,
				B8C09AD82C4824390032C3F3 /* LadderV.swift in Sources */,
				B8C09AD62C4824250032C3F3 /* LoginV.swift in Sources */,
				B8C09AAD2C46DB320032C3F3 /* MobileApp.swift in Sources */,
				B8C09ABF2C46DD460032C3F3 /* dto.swift in Sources */,
				B8C09ADF2C488DC30032C3F3 /* GameM.swift in Sources */,
				B8C09ADA2C48244C0032C3F3 /* GameV.swift in Sources */,
				B8C09AC72C4719020032C3F3 /* Keychain.swift in Sources */,
			);
			runOnlyForDeploymentPostprocessing = 0;
		};
/* End PBXSourcesBuildPhase section */

/* Begin XCBuildConfiguration section */
		B8C09AB52C46DB350032C3F3 /* Debug */ = {
			isa = XCBuildConfiguration;
			buildSettings = {
				ALWAYS_SEARCH_USER_PATHS = NO;
				ASSETCATALOG_COMPILER_GENERATE_SWIFT_ASSET_SYMBOL_EXTENSIONS = YES;
				CLANG_ANALYZER_NONNULL = YES;
				CLANG_ANALYZER_NUMBER_OBJECT_CONVERSION = YES_AGGRESSIVE;
				CLANG_CXX_LANGUAGE_STANDARD = "gnu++20";
				CLANG_ENABLE_MODULES = YES;
				CLANG_ENABLE_OBJC_ARC = YES;
				CLANG_ENABLE_OBJC_WEAK = YES;
				CLANG_WARN_BLOCK_CAPTURE_AUTORELEASING = YES;
				CLANG_WARN_BOOL_CONVERSION = YES;
				CLANG_WARN_COMMA = YES;
				CLANG_WARN_CONSTANT_CONVERSION = YES;
				CLANG_WARN_DEPRECATED_OBJC_IMPLEMENTATIONS = YES;
				CLANG_WARN_DIRECT_OBJC_ISA_USAGE = YES_ERROR;
				CLANG_WARN_DOCUMENTATION_COMMENTS = YES;
				CLANG_WARN_EMPTY_BODY = YES;
				CLANG_WARN_ENUM_CONVERSION = YES;
				CLANG_WARN_INFINITE_RECURSION = YES;
				CLANG_WARN_INT_CONVERSION = YES;
				CLANG_WARN_NON_LITERAL_NULL_CONVERSION = YES;
				CLANG_WARN_OBJC_IMPLICIT_RETAIN_SELF = YES;
				CLANG_WARN_OBJC_LITERAL_CONVERSION = YES;
				CLANG_WARN_OBJC_ROOT_CLASS = YES_ERROR;
				CLANG_WARN_QUOTED_INCLUDE_IN_FRAMEWORK_HEADER = YES;
				CLANG_WARN_RANGE_LOOP_ANALYSIS = YES;
				CLANG_WARN_STRICT_PROTOTYPES = YES;
				CLANG_WARN_SUSPICIOUS_MOVE = YES;
				CLANG_WARN_UNGUARDED_AVAILABILITY = YES_AGGRESSIVE;
				CLANG_WARN_UNREACHABLE_CODE = YES;
				CLANG_WARN__DUPLICATE_METHOD_MATCH = YES;
				COPY_PHASE_STRIP = NO;
				DEBUG_INFORMATION_FORMAT = dwarf;
				ENABLE_STRICT_OBJC_MSGSEND = YES;
				ENABLE_TESTABILITY = YES;
				ENABLE_USER_SCRIPT_SANDBOXING = YES;
				GCC_C_LANGUAGE_STANDARD = gnu17;
				GCC_DYNAMIC_NO_PIC = NO;
				GCC_NO_COMMON_BLOCKS = YES;
				GCC_OPTIMIZATION_LEVEL = 0;
				GCC_PREPROCESSOR_DEFINITIONS = (
					"DEBUG=1",
					"$(inherited)",
				);
				GCC_WARN_64_TO_32_BIT_CONVERSION = YES;
				GCC_WARN_ABOUT_RETURN_TYPE = YES_ERROR;
				GCC_WARN_UNDECLARED_SELECTOR = YES;
				GCC_WARN_UNINITIALIZED_AUTOS = YES_AGGRESSIVE;
				GCC_WARN_UNUSED_FUNCTION = YES;
				GCC_WARN_UNUSED_VARIABLE = YES;
				IPHONEOS_DEPLOYMENT_TARGET = 17.5;
				LOCALIZATION_PREFERS_STRING_CATALOGS = YES;
				MTL_ENABLE_DEBUG_INFO = INCLUDE_SOURCE;
				MTL_FAST_MATH = YES;
				ONLY_ACTIVE_ARCH = YES;
				SDKROOT = iphoneos;
				SWIFT_ACTIVE_COMPILATION_CONDITIONS = "DEBUG $(inherited)";
				SWIFT_OPTIMIZATION_LEVEL = "-Onone";
			};
			name = Debug;
		};
		B8C09AB62C46DB350032C3F3 /* Release */ = {
			isa = XCBuildConfiguration;
			buildSettings = {
				ALWAYS_SEARCH_USER_PATHS = NO;
				ASSETCATALOG_COMPILER_GENERATE_SWIFT_ASSET_SYMBOL_EXTENSIONS = YES;
				CLANG_ANALYZER_NONNULL = YES;
				CLANG_ANALYZER_NUMBER_OBJECT_CONVERSION = YES_AGGRESSIVE;
				CLANG_CXX_LANGUAGE_STANDARD = "gnu++20";
				CLANG_ENABLE_MODULES = YES;
				CLANG_ENABLE_OBJC_ARC = YES;
				CLANG_ENABLE_OBJC_WEAK = YES;
				CLANG_WARN_BLOCK_CAPTURE_AUTORELEASING = YES;
				CLANG_WARN_BOOL_CONVERSION = YES;
				CLANG_WARN_COMMA = YES;
				CLANG_WARN_CONSTANT_CONVERSION = YES;
				CLANG_WARN_DEPRECATED_OBJC_IMPLEMENTATIONS = YES;
				CLANG_WARN_DIRECT_OBJC_ISA_USAGE = YES_ERROR;
				CLANG_WARN_DOCUMENTATION_COMMENTS = YES;
				CLANG_WARN_EMPTY_BODY = YES;
				CLANG_WARN_ENUM_CONVERSION = YES;
				CLANG_WARN_INFINITE_RECURSION = YES;
				CLANG_WARN_INT_CONVERSION = YES;
				CLANG_WARN_NON_LITERAL_NULL_CONVERSION = YES;
				CLANG_WARN_OBJC_IMPLICIT_RETAIN_SELF = YES;
				CLANG_WARN_OBJC_LITERAL_CONVERSION = YES;
				CLANG_WARN_OBJC_ROOT_CLASS = YES_ERROR;
				CLANG_WARN_QUOTED_INCLUDE_IN_FRAMEWORK_HEADER = YES;
				CLANG_WARN_RANGE_LOOP_ANALYSIS = YES;
				CLANG_WARN_STRICT_PROTOTYPES = YES;
				CLANG_WARN_SUSPICIOUS_MOVE = YES;
				CLANG_WARN_UNGUARDED_AVAILABILITY = YES_AGGRESSIVE;
				CLANG_WARN_UNREACHABLE_CODE = YES;
				CLANG_WARN__DUPLICATE_METHOD_MATCH = YES;
				COPY_PHASE_STRIP = NO;
				DEBUG_INFORMATION_FORMAT = "dwarf-with-dsym";
				ENABLE_NS_ASSERTIONS = NO;
				ENABLE_STRICT_OBJC_MSGSEND = YES;
				ENABLE_USER_SCRIPT_SANDBOXING = YES;
				GCC_C_LANGUAGE_STANDARD = gnu17;
				GCC_NO_COMMON_BLOCKS = YES;
				GCC_WARN_64_TO_32_BIT_CONVERSION = YES;
				GCC_WARN_ABOUT_RETURN_TYPE = YES_ERROR;
				GCC_WARN_UNDECLARED_SELECTOR = YES;
				GCC_WARN_UNINITIALIZED_AUTOS = YES_AGGRESSIVE;
				GCC_WARN_UNUSED_FUNCTION = YES;
				GCC_WARN_UNUSED_VARIABLE = YES;
				IPHONEOS_DEPLOYMENT_TARGET = 17.5;
				LOCALIZATION_PREFERS_STRING_CATALOGS = YES;
				MTL_ENABLE_DEBUG_INFO = NO;
				MTL_FAST_MATH = YES;
				SDKROOT = iphoneos;
				SWIFT_COMPILATION_MODE = wholemodule;
				VALIDATE_PRODUCT = YES;
			};
			name = Release;
		};
		B8C09AB82C46DB350032C3F3 /* Debug */ = {
			isa = XCBuildConfiguration;
			buildSettings = {
				ASSETCATALOG_COMPILER_APPICON_NAME = AppIcon;
				ASSETCATALOG_COMPILER_GLOBAL_ACCENT_COLOR_NAME = AccentColor;
				CODE_SIGN_STYLE = Automatic;
				CURRENT_PROJECT_VERSION = 1;
				DEVELOPMENT_ASSET_PATHS = "\"Mobile/Preview Content\"";
				ENABLE_PREVIEWS = YES;
				GENERATE_INFOPLIST_FILE = YES;
				INFOPLIST_KEY_UIApplicationSceneManifest_Generation = YES;
				INFOPLIST_KEY_UIApplicationSupportsIndirectInputEvents = YES;
				INFOPLIST_KEY_UILaunchScreen_Generation = YES;
				INFOPLIST_KEY_UISupportedInterfaceOrientations_iPad = "UIInterfaceOrientationPortrait UIInterfaceOrientationPortraitUpsideDown UIInterfaceOrientationLandscapeLeft UIInterfaceOrientationLandscapeRight";
				INFOPLIST_KEY_UISupportedInterfaceOrientations_iPhone = "UIInterfaceOrientationPortrait UIInterfaceOrientationLandscapeLeft UIInterfaceOrientationLandscapeRight";
				LD_RUNPATH_SEARCH_PATHS = (
					"$(inherited)",
					"@executable_path/Frameworks",
				);
				MARKETING_VERSION = 1.0;
				PRODUCT_BUNDLE_IDENTIFIER = HSE.Mobile;
				PRODUCT_NAME = "$(TARGET_NAME)";
				SWIFT_EMIT_LOC_STRINGS = YES;
				SWIFT_VERSION = 5.0;
				TARGETED_DEVICE_FAMILY = "1,2";
			};
			name = Debug;
		};
		B8C09AB92C46DB350032C3F3 /* Release */ = {
			isa = XCBuildConfiguration;
			buildSettings = {
				ASSETCATALOG_COMPILER_APPICON_NAME = AppIcon;
				ASSETCATALOG_COMPILER_GLOBAL_ACCENT_COLOR_NAME = AccentColor;
				CODE_SIGN_STYLE = Automatic;
				CURRENT_PROJECT_VERSION = 1;
				DEVELOPMENT_ASSET_PATHS = "\"Mobile/Preview Content\"";
				ENABLE_PREVIEWS = YES;
				GENERATE_INFOPLIST_FILE = YES;
				INFOPLIST_KEY_UIApplicationSceneManifest_Generation = YES;
				INFOPLIST_KEY_UIApplicationSupportsIndirectInputEvents = YES;
				INFOPLIST_KEY_UILaunchScreen_Generation = YES;
				INFOPLIST_KEY_UISupportedInterfaceOrientations_iPad = "UIInterfaceOrientationPortrait UIInterfaceOrientationPortraitUpsideDown UIInterfaceOrientationLandscapeLeft UIInterfaceOrientationLandscapeRight";
				INFOPLIST_KEY_UISupportedInterfaceOrientations_iPhone = "UIInterfaceOrientationPortrait UIInterfaceOrientationLandscapeLeft UIInterfaceOrientationLandscapeRight";
				LD_RUNPATH_SEARCH_PATHS = (
					"$(inherited)",
					"@executable_path/Frameworks",
				);
				MARKETING_VERSION = 1.0;
				PRODUCT_BUNDLE_IDENTIFIER = HSE.Mobile;
				PRODUCT_NAME = "$(TARGET_NAME)";
				SWIFT_EMIT_LOC_STRINGS = YES;
				SWIFT_VERSION = 5.0;
				TARGETED_DEVICE_FAMILY = "1,2";
			};
			name = Release;
		};
/* End XCBuildConfiguration section */

/* Begin XCConfigurationList section */
		B8C09AA42C46DB320032C3F3 /* Build configuration list for PBXProject "Mobile" */ = {
			isa = XCConfigurationList;
			buildConfigurations = (
				B8C09AB52C46DB350032C3F3 /* Debug */,
				B8C09AB62C46DB350032C3F3 /* Release */,
			);
			defaultConfigurationIsVisible = 0;
			defaultConfigurationName = Release;
		};
		B8C09AB72C46DB350032C3F3 /* Build configuration list for PBXNativeTarget "Mobile" */ = {
			isa = XCConfigurationList;
			buildConfigurations = (
				B8C09AB82C46DB350032C3F3 /* Debug */,
				B8C09AB92C46DB350032C3F3 /* Release */,
			);
			defaultConfigurationIsVisible = 0;
			defaultConfigurationName = Release;
		};
/* End XCConfigurationList section */

/* Begin XCRemoteSwiftPackageReference section */
		B8C09ACC2C47E0B20032C3F3 /* XCRemoteSwiftPackageReference "swift-collections" */ = {
			isa = XCRemoteSwiftPackageReference;
			repositoryURL = "https://github.com/apple/swift-collections.git";
			requirement = {
				kind = upToNextMajorVersion;
				minimumVersion = 1.1.2;
			};
		};
/* End XCRemoteSwiftPackageReference section */

/* Begin XCSwiftPackageProductDependency section */
		B8C09ACD2C47E0B20032C3F3 /* DequeModule */ = {
			isa = XCSwiftPackageProductDependency;
			package = B8C09ACC2C47E0B20032C3F3 /* XCRemoteSwiftPackageReference "swift-collections" */;
			productName = DequeModule;
		};
/* End XCSwiftPackageProductDependency section */
	};
	rootObject = B8C09AA12C46DB320032C3F3 /* Project object */;
}
